
Microsoft Visual Studio Solution File, Format Version 12.00
# Visual Studio Version 16
VisualStudioVersion = 16.0.30320.27
MinimumVisualStudioVersion = 10.0.40219.1
Project("{9A19103F-16F7-4668-BE54-9A1E7A4F7556}") = "d7k.Dto", "d7k.Dto\d7k.Dto.csproj", "{A21E4596-6C70-486D-806E-0A4A24B15B49}"
EndProject
Project("{9A19103F-16F7-4668-BE54-9A1E7A4F7556}") = "d7k.Dto.Tests", "d7k.Dto.Tests\d7k.Dto.Tests.csproj", "{6D21F45E-066A-4C9C-BA19-EA70FF02D8BC}"
EndProject
Global
	GlobalSection(SolutionConfigurationPlatforms) = preSolution
		Debug|Any CPU = Debug|Any CPU
		Release|Any CPU = Release|Any CPU
	EndGlobalSection
	GlobalSection(ProjectConfigurationPlatforms) = postSolution
		{A21E4596-6C70-486D-806E-0A4A24B15B49}.Debug|Any CPU.ActiveCfg = Debug|Any CPU
		{A21E4596-6C70-486D-806E-0A4A24B15B49}.Debug|Any CPU.Build.0 = Debug|Any CPU
		{A21E4596-6C70-486D-806E-0A4A24B15B49}.Release|Any CPU.ActiveCfg = Release|Any CPU
		{A21E4596-6C70-486D-806E-0A4A24B15B49}.Release|Any CPU.Build.0 = Release|Any CPU
		{6D21F45E-066A-4C9C-BA19-EA70FF02D8BC}.Debug|Any CPU.ActiveCfg = Debug|Any CPU
		{6D21F45E-066A-4C9C-BA19-EA70FF02D8BC}.Debug|Any CPU.Build.0 = Debug|Any CPU
		{6D21F45E-066A-4C9C-BA19-EA70FF02D8BC}.Release|Any CPU.ActiveCfg = Release|Any CPU
		{6D21F45E-066A-4C9C-BA19-EA70FF02D8BC}.Release|Any CPU.Build.0 = Release|Any CPU
	EndGlobalSection
	GlobalSection(SolutionProperties) = preSolution
		HideSolutionNode = FALSE
	EndGlobalSection
	GlobalSection(ExtensibilityGlobals) = postSolution
		SolutionGuid = {A1F2267A-D628-4998-AC59-80FBC16D1FBF}
	EndGlobalSection
EndGlobal
